// !$*UTF8*$!
{
	archiveVersion = 1;
	classes = {
	};
	objectVersion = 50;
	objects = {

/* Begin PBXBuildFile section */
		0D716C2B20EDC989004F511E /* AppDelegate.m in Sources */ = {isa = PBXBuildFile; fileRef = 0D716C2A20EDC989004F511E /* AppDelegate.m */; };
		0D716C2E20EDC989004F511E /* ViewController.m in Sources */ = {isa = PBXBuildFile; fileRef = 0D716C2D20EDC989004F511E /* ViewController.m */; };
		0D716C3120EDC989004F511E /* Main.storyboard in Resources */ = {isa = PBXBuildFile; fileRef = 0D716C2F20EDC989004F511E /* Main.storyboard */; };
		0D716C3320EDC98A004F511E /* Assets.xcassets in Resources */ = {isa = PBXBuildFile; fileRef = 0D716C3220EDC98A004F511E /* Assets.xcassets */; };
		0D716C3620EDC98A004F511E /* LaunchScreen.storyboard in Resources */ = {isa = PBXBuildFile; fileRef = 0D716C3420EDC98A004F511E /* LaunchScreen.storyboard */; };
		0D716C3920EDC98A004F511E /* main.m in Sources */ = {isa = PBXBuildFile; fileRef = 0D716C3820EDC98A004F511E /* main.m */; };
		0D716C4320EDC98A004F511E /* FLMineSDKTests.m in Sources */ = {isa = PBXBuildFile; fileRef = 0D716C4220EDC98A004F511E /* FLMineSDKTests.m */; };
		0D716C4E20EDC98A004F511E /* FLMineSDKUITests.m in Sources */ = {isa = PBXBuildFile; fileRef = 0D716C4D20EDC98A004F511E /* FLMineSDKUITests.m */; };
		0D716C5C20EDC9A3004F511E /* FLSDK.framework in Frameworks */ = {isa = PBXBuildFile; fileRef = 0D716C5B20EDC9A3004F511E /* FLSDK.framework */; };
/* End PBXBuildFile section */

/* Begin PBXContainerItemProxy section */
		0D716C3F20EDC98A004F511E /* PBXContainerItemProxy */ = {
			isa = PBXContainerItemProxy;
			containerPortal = 0D716C1E20EDC989004F511E /* Project object */;
			proxyType = 1;
			remoteGlobalIDString = 0D716C2520EDC989004F511E;
			remoteInfo = FLMineSDK;
		};
		0D716C4A20EDC98A004F511E /* PBXContainerItemProxy */ = {
			isa = PBXContainerItemProxy;
			containerPortal = 0D716C1E20EDC989004F511E /* Project object */;
			proxyType = 1;
			remoteGlobalIDString = 0D716C2520EDC989004F511E;
			remoteInfo = FLMineSDK;
		};
/* End PBXContainerItemProxy section */

/* Begin PBXFileReference section */
		0D716C2620EDC989004F511E /* FLMineSDK.app */ = {isa = PBXFileReference; explicitFileType = wrapper.application; includeInIndex = 0; path = FLMineSDK.app; sourceTree = BUILT_PRODUCTS_DIR; };
		0D716C2920EDC989004F511E /* AppDelegate.h */ = {isa = PBXFileReference; lastKnownFileType = sourcecode.c.h; path = AppDelegate.h; sourceTree = "<group>"; };
		0D716C2A20EDC989004F511E /* AppDelegate.m */ = {isa = PBXFileReference; lastKnownFileType = sourcecode.c.objc; path = AppDelegate.m; sourceTree = "<group>"; };
		0D716C2C20EDC989004F511E /* ViewController.h */ = {isa = PBXFileReference; lastKnownFileType = sourcecode.c.h; path = ViewController.h; sourceTree = "<group>"; };
		0D716C2D20EDC989004F511E /* ViewController.m */ = {isa = PBXFileReference; lastKnownFileType = sourcecode.c.objc; path = ViewController.m; sourceTree = "<group>"; };
		0D716C3020EDC989004F511E /* Base */ = {isa = PBXFileReference; lastKnownFileType = file.storyboard; name = Base; path = Base.lproj/Main.storyboard; sourceTree = "<group>"; };
		0D716C3220EDC98A004F511E /* Assets.xcassets */ = {isa = PBXFileReference; lastKnownFileType = folder.assetcatalog; path = Assets.xcassets; sourceTree = "<group>"; };
		0D716C3520EDC98A004F511E /* Base */ = {isa = PBXFileReference; lastKnownFileType = file.storyboard; name = Base; path = Base.lproj/LaunchScreen.storyboard; sourceTree = "<group>"; };
		0D716C3720EDC98A004F511E /* Info.plist */ = {isa = PBXFileReference; lastKnownFileType = text.plist.xml; path = Info.plist; sourceTree = "<group>"; };
		0D716C3820EDC98A004F511E /* main.m */ = {isa = PBXFileReference; lastKnownFileType = sourcecode.c.objc; path = main.m; sourceTree = "<group>"; };
		0D716C3E20EDC98A004F511E /* FLMineSDKTests.xctest */ = {isa = PBXFileReference; explicitFileType = wrapper.cfbundle; includeInIndex = 0; path = FLMineSDKTests.xctest; sourceTree = BUILT_PRODUCTS_DIR; };
		0D716C4220EDC98A004F511E /* FLMineSDKTests.m */ = {isa = PBXFileReference; lastKnownFileType = sourcecode.c.objc; path = FLMineSDKTests.m; sourceTree = "<group>"; };
		0D716C4420EDC98A004F511E /* Info.plist */ = {isa = PBXFileReference; lastKnownFileType = text.plist.xml; path = Info.plist; sourceTree = "<group>"; };
		0D716C4920EDC98A004F511E /* FLMineSDKUITests.xctest */ = {isa = PBXFileReference; explicitFileType = wrapper.cfbundle; includeInIndex = 0; path = FLMineSDKUITests.xctest; sourceTree = BUILT_PRODUCTS_DIR; };
		0D716C4D20EDC98A004F511E /* FLMineSDKUITests.m */ = {isa = PBXFileReference; lastKnownFileType = sourcecode.c.objc; path = FLMineSDKUITests.m; sourceTree = "<group>"; };
		0D716C4F20EDC98A004F511E /* Info.plist */ = {isa = PBXFileReference; lastKnownFileType = text.plist.xml; path = Info.plist; sourceTree = "<group>"; };
		0D716C5B20EDC9A3004F511E /* FLSDK.framework */ = {isa = PBXFileReference; lastKnownFileType = wrapper.framework; path = FLSDK.framework; sourceTree = "<group>"; };
/* End PBXFileReference section */

/* Begin PBXFrameworksBuildPhase section */
		0D716C2320EDC989004F511E /* Frameworks */ = {
			isa = PBXFrameworksBuildPhase;
			buildActionMask = 2147483647;
			files = (
				0D716C5C20EDC9A3004F511E /* FLSDK.framework in Frameworks */,
			);
			runOnlyForDeploymentPostprocessing = 0;
		};
		0D716C3B20EDC98A004F511E /* Frameworks */ = {
			isa = PBXFrameworksBuildPhase;
			buildActionMask = 2147483647;
			files = (
			);
			runOnlyForDeploymentPostprocessing = 0;
		};
		0D716C4620EDC98A004F511E /* Frameworks */ = {
			isa = PBXFrameworksBuildPhase;
			buildActionMask = 2147483647;
			files = (
			);
			runOnlyForDeploymentPostprocessing = 0;
		};
/* End PBXFrameworksBuildPhase section */

/* Begin PBXGroup section */
		0D716C1D20EDC989004F511E = {
			isa = PBXGroup;
			children = (
				0D716C2820EDC989004F511E /* FLMineSDK */,
				0D716C4120EDC98A004F511E /* FLMineSDKTests */,
				0D716C4C20EDC98A004F511E /* FLMineSDKUITests */,
				0D716C2720EDC989004F511E /* Products */,
			);
			sourceTree = "<group>";
		};
		0D716C2720EDC989004F511E /* Products */ = {
			isa = PBXGroup;
			children = (
				0D716C2620EDC989004F511E /* FLMineSDK.app */,
				0D716C3E20EDC98A004F511E /* FLMineSDKTests.xctest */,
				0D716C4920EDC98A004F511E /* FLMineSDKUITests.xctest */,
			);
			name = Products;
			sourceTree = "<group>";
		};
		0D716C2820EDC989004F511E /* FLMineSDK */ = {
			isa = PBXGroup;
			children = (
				0D716C2920EDC989004F511E /* AppDelegate.h */,
				0D716C2A20EDC989004F511E /* AppDelegate.m */,
				0D716C2C20EDC989004F511E /* ViewController.h */,
				0D716C2D20EDC989004F511E /* ViewController.m */,
				0D716C2F20EDC989004F511E /* Main.storyboard */,
				0D716C5B20EDC9A3004F511E /* FLSDK.framework */,
				0D716C3220EDC98A004F511E /* Assets.xcassets */,
				0D716C3420EDC98A004F511E /* LaunchScreen.storyboard */,
				0D716C3720EDC98A004F511E /* Info.plist */,
				0D716C3820EDC98A004F511E /* main.m */,
			);
			path = FLMineSDK;
			sourceTree = "<group>";
		};
		0D716C4120EDC98A004F511E /* FLMineSDKTests */ = {
			isa = PBXGroup;
			children = (
				0D716C4220EDC98A004F511E /* FLMineSDKTests.m */,
				0D716C4420EDC98A004F511E /* Info.plist */,
			);
			path = FLMineSDKTests;
			sourceTree = "<group>";
		};
		0D716C4C20EDC98A004F511E /* FLMineSDKUITests */ = {
			isa = PBXGroup;
			children = (
				0D716C4D20EDC98A004F511E /* FLMineSDKUITests.m */,
				0D716C4F20EDC98A004F511E /* Info.plist */,
			);
			path = FLMineSDKUITests;
			sourceTree = "<group>";
		};
/* End PBXGroup section */

/* Begin PBXNativeTarget section */
		0D716C2520EDC989004F511E /* FLMineSDK */ = {
			isa = PBXNativeTarget;
			buildConfigurationList = 0D716C5220EDC98A004F511E /* Build configuration list for PBXNativeTarget "FLMineSDK" */;
			buildPhases = (
				0D716C2220EDC989004F511E /* Sources */,
				0D716C2320EDC989004F511E /* Frameworks */,
				0D716C2420EDC989004F511E /* Resources */,
			);
			buildRules = (
			);
			dependencies = (
			);
			name = FLMineSDK;
			productName = FLMineSDK;
			productReference = 0D716C2620EDC989004F511E /* FLMineSDK.app */;
			productType = "com.apple.product-type.application";
		};
		0D716C3D20EDC98A004F511E /* FLMineSDKTests */ = {
			isa = PBXNativeTarget;
			buildConfigurationList = 0D716C5520EDC98A004F511E /* Build configuration list for PBXNativeTarget "FLMineSDKTests" */;
			buildPhases = (
				0D716C3A20EDC98A004F511E /* Sources */,
				0D716C3B20EDC98A004F511E /* Frameworks */,
				0D716C3C20EDC98A004F511E /* Resources */,
			);
			buildRules = (
			);
			dependencies = (
				0D716C4020EDC98A004F511E /* PBXTargetDependency */,
			);
			name = FLMineSDKTests;
			productName = FLMineSDKTests;
			productReference = 0D716C3E20EDC98A004F511E /* FLMineSDKTests.xctest */;
			productType = "com.apple.product-type.bundle.unit-test";
		};
		0D716C4820EDC98A004F511E /* FLMineSDKUITests */ = {
			isa = PBXNativeTarget;
			buildConfigurationList = 0D716C5820EDC98A004F511E /* Build configuration list for PBXNativeTarget "FLMineSDKUITests" */;
			buildPhases = (
				0D716C4520EDC98A004F511E /* Sources */,
				0D716C4620EDC98A004F511E /* Frameworks */,
				0D716C4720EDC98A004F511E /* Resources */,
			);
			buildRules = (
			);
			dependencies = (
				0D716C4B20EDC98A004F511E /* PBXTargetDependency */,
			);
			name = FLMineSDKUITests;
			productName = FLMineSDKUITests;
			productReference = 0D716C4920EDC98A004F511E /* FLMineSDKUITests.xctest */;
			productType = "com.apple.product-type.bundle.ui-testing";
		};
/* End PBXNativeTarget section */

/* Begin PBXProject section */
		0D716C1E20EDC989004F511E /* Project object */ = {
			isa = PBXProject;
			attributes = {
				LastUpgradeCheck = 0940;
				ORGANIZATIONNAME = FL;
				TargetAttributes = {
					0D716C2520EDC989004F511E = {
						CreatedOnToolsVersion = 9.4;
					};
					0D716C3D20EDC98A004F511E = {
						CreatedOnToolsVersion = 9.4;
						TestTargetID = 0D716C2520EDC989004F511E;
					};
					0D716C4820EDC98A004F511E = {
						CreatedOnToolsVersion = 9.4;
						TestTargetID = 0D716C2520EDC989004F511E;
					};
				};
			};
			buildConfigurationList = 0D716C2120EDC989004F511E /* Build configuration list for PBXProject "FLMineSDK" */;
			compatibilityVersion = "Xcode 9.3";
			developmentRegion = en;
			hasScannedForEncodings = 0;
			knownRegions = (
				en,
				Base,
			);
			mainGroup = 0D716C1D20EDC989004F511E;
			productRefGroup = 0D716C2720EDC989004F511E /* Products */;
			projectDirPath = "";
			projectRoot = "";
			targets = (
				0D716C2520EDC989004F511E /* FLMineSDK */,
				0D716C3D20EDC98A004F511E /* FLMineSDKTests */,
				0D716C4820EDC98A004F511E /* FLMineSDKUITests */,
			);
		};
/* End PBXProject section */

/* Begin PBXResourcesBuildPhase section */
		0D716C2420EDC989004F511E /* Resources */ = {
			isa = PBXResourcesBuildPhase;
			buildActionMask = 2147483647;
			files = (
				0D716C3620EDC98A004F511E /* LaunchScreen.storyboard in Resources */,
				0D716C3320EDC98A004F511E /* Assets.xcassets in Resources */,
				0D716C3120EDC989004F511E /* Main.storyboard in Resources */,
			);
			runOnlyForDeploymentPostprocessing = 0;
		};
		0D716C3C20EDC98A004F511E /* Resources */ = {
			isa = PBXResourcesBuildPhase;
			buildActionMask = 2147483647;
			files = (
			);
			runOnlyForDeploymentPostprocessing = 0;
		};
		0D716C4720EDC98A004F511E /* Resources */ = {
			isa = PBXResourcesBuildPhase;
			buildActionMask = 2147483647;
			files = (
			);
			runOnlyForDeploymentPostprocessing = 0;
		};
/* End PBXResourcesBuildPhase section */

/* Begin PBXSourcesBuildPhase section */
		0D716C2220EDC989004F511E /* Sources */ = {
			isa = PBXSourcesBuildPhase;
			buildActionMask = 2147483647;
			files = (
				0D716C2E20EDC989004F511E /* ViewController.m in Sources */,
				0D716C3920EDC98A004F511E /* main.m in Sources */,
				0D716C2B20EDC989004F511E /* AppDelegate.m in Sources */,
			);
			runOnlyForDeploymentPostprocessing = 0;
		};
		0D716C3A20EDC98A004F511E /* Sources */ = {
			isa = PBXSourcesBuildPhase;
			buildActionMask = 2147483647;
			files = (
				0D716C4320EDC98A004F511E /* FLMineSDKTests.m in Sources */,
			);
			runOnlyForDeploymentPostprocessing = 0;
		};
		0D716C4520EDC98A004F511E /* Sources */ = {
			isa = PBXSourcesBuildPhase;
			buildActionMask = 2147483647;
			files = (
				0D716C4E20EDC98A004F511E /* FLMineSDKUITests.m in Sources */,
			);
			runOnlyForDeploymentPostprocessing = 0;
		};
/* End PBXSourcesBuildPhase section */

/* Begin PBXTargetDependency section */
		0D716C4020EDC98A004F511E /* PBXTargetDependency */ = {
			isa = PBXTargetDependency;
			target = 0D716C2520EDC989004F511E /* FLMineSDK */;
			targetProxy = 0D716C3F20EDC98A004F511E /* PBXContainerItemProxy */;
		};
		0D716C4B20EDC98A004F511E /* PBXTargetDependency */ = {
			isa = PBXTargetDependency;
			target = 0D716C2520EDC989004F511E /* FLMineSDK */;
			targetProxy = 0D716C4A20EDC98A004F511E /* PBXContainerItemProxy */;
		};
/* End PBXTargetDependency section */

/* Begin PBXVariantGroup section */
		0D716C2F20EDC989004F511E /* Main.storyboard */ = {
			isa = PBXVariantGroup;
			children = (
				0D716C3020EDC989004F511E /* Base */,
			);
			name = Main.storyboard;
			sourceTree = "<group>";
		};
		0D716C3420EDC98A004F511E /* LaunchScreen.storyboard */ = {
			isa = PBXVariantGroup;
			children = (
				0D716C3520EDC98A004F511E /* Base */,
			);
			name = LaunchScreen.storyboard;
			sourceTree = "<group>";
		};
/* End PBXVariantGroup section */

/* Begin XCBuildConfiguration section */
		0D716C5020EDC98A004F511E /* Debug */ = {
			isa = XCBuildConfiguration;
			buildSettings = {
				ALWAYS_SEARCH_USER_PATHS = NO;
				CLANG_ANALYZER_NONNULL = YES;
				CLANG_ANALYZER_NUMBER_OBJECT_CONVERSION = YES_AGGRESSIVE;
				CLANG_CXX_LANGUAGE_STANDARD = "gnu++14";
				CLANG_CXX_LIBRARY = "libc++";
				CLANG_ENABLE_MODULES = YES;
				CLANG_ENABLE_OBJC_ARC = YES;
				CLANG_ENABLE_OBJC_WEAK = YES;
				CLANG_WARN_BLOCK_CAPTURE_AUTORELEASING = YES;
				CLANG_WARN_BOOL_CONVERSION = YES;
				CLANG_WARN_COMMA = YES;
				CLANG_WARN_CONSTANT_CONVERSION = YES;
				CLANG_WARN_DEPRECATED_OBJC_IMPLEMENTATIONS = YES;
				CLANG_WARN_DIRECT_OBJC_ISA_USAGE = YES_ERROR;
				CLANG_WARN_DOCUMENTATION_COMMENTS = YES;
				CLANG_WARN_EMPTY_BODY = YES;
				CLANG_WARN_ENUM_CONVERSION = YES;
				CLANG_WARN_INFINITE_RECURSION = YES;
				CLANG_WARN_INT_CONVERSION = YES;
				CLANG_WARN_NON_LITERAL_NULL_CONVERSION = YES;
				CLANG_WARN_OBJC_IMPLICIT_RETAIN_SELF = YES;
				CLANG_WARN_OBJC_LITERAL_CONVERSION = YES;
				CLANG_WARN_OBJC_ROOT_CLASS = YES_ERROR;
				CLANG_WARN_RANGE_LOOP_ANALYSIS = YES;
				CLANG_WARN_STRICT_PROTOTYPES = YES;
				CLANG_WARN_SUSPICIOUS_MOVE = YES;
				CLANG_WARN_UNGUARDED_AVAILABILITY = YES_AGGRESSIVE;
				CLANG_WARN_UNREACHABLE_CODE = YES;
				CLANG_WARN__DUPLICATE_METHOD_MATCH = YES;
				CODE_SIGN_IDENTITY = "iPhone Developer";
				COPY_PHASE_STRIP = NO;
				DEBUG_INFORMATION_FORMAT = dwarf;
				ENABLE_STRICT_OBJC_MSGSEND = YES;
				ENABLE_TESTABILITY = YES;
				GCC_C_LANGUAGE_STANDARD = gnu11;
				GCC_DYNAMIC_NO_PIC = NO;
				GCC_NO_COMMON_BLOCKS = YES;
				GCC_OPTIMIZATION_LEVEL = 0;
				GCC_PREPROCESSOR_DEFINITIONS = (
					"DEBUG=1",
					"$(inherited)",
				);
				GCC_WARN_64_TO_32_BIT_CONVERSION = YES;
				GCC_WARN_ABOUT_RETURN_TYPE = YES_ERROR;
				GCC_WARN_UNDECLARED_SELECTOR = YES;
				GCC_WARN_UNINITIALIZED_AUTOS = YES_AGGRESSIVE;
				GCC_WARN_UNUSED_FUNCTION = YES;
				GCC_WARN_UNUSED_VARIABLE = YES;
				IPHONEOS_DEPLOYMENT_TARGET = 11.4;
				MTL_ENABLE_DEBUG_INFO = YES;
				ONLY_ACTIVE_ARCH = YES;
				SDKROOT = iphoneos;
			};
			name = Debug;
		};
		0D716C5120EDC98A004F511E /* Release */ = {
			isa = XCBuildConfiguration;
			buildSettings = {
				ALWAYS_SEARCH_USER_PATHS = NO;
				CLANG_ANALYZER_NONNULL = YES;
				CLANG_ANALYZER_NUMBER_OBJECT_CONVERSION = YES_AGGRESSIVE;
				CLANG_CXX_LANGUAGE_STANDARD = "gnu++14";
				CLANG_CXX_LIBRARY = "libc++";
				CLANG_ENABLE_MODULES = YES;
				CLANG_ENABLE_OBJC_ARC = YES;
				CLANG_ENABLE_OBJC_WEAK = YES;
				CLANG_WARN_BLOCK_CAPTURE_AUTORELEASING = YES;
				CLANG_WARN_BOOL_CONVERSION = YES;
				CLANG_WARN_COMMA = YES;
				CLANG_WARN_CONSTANT_CONVERSION = YES;
				CLANG_WARN_DEPRECATED_OBJC_IMPLEMENTATIONS = YES;
				CLANG_WARN_DIRECT_OBJC_ISA_USAGE = YES_ERROR;
				CLANG_WARN_DOCUMENTATION_COMMENTS = YES;
				CLANG_WARN_EMPTY_BODY = YES;
				CLANG_WARN_ENUM_CONVERSION = YES;
				CLANG_WARN_INFINITE_RECURSION = YES;
				CLANG_WARN_INT_CONVERSION = YES;
				CLANG_WARN_NON_LITERAL_NULL_CONVERSION = YES;
				CLANG_WARN_OBJC_IMPLICIT_RETAIN_SELF = YES;
				CLANG_WARN_OBJC_LITERAL_CONVERSION = YES;
				CLANG_WARN_OBJC_ROOT_CLASS = YES_ERROR;
				CLANG_WARN_RANGE_LOOP_ANALYSIS = YES;
				CLANG_WARN_STRICT_PROTOTYPES = YES;
				CLANG_WARN_SUSPICIOUS_MOVE = YES;
				CLANG_WARN_UNGUARDED_AVAILABILITY = YES_AGGRESSIVE;
				CLANG_WARN_UNREACHABLE_CODE = YES;
				CLANG_WARN__DUPLICATE_METHOD_MATCH = YES;
				CODE_SIGN_IDENTITY = "iPhone Developer";
				COPY_PHASE_STRIP = NO;
				DEBUG_INFORMATION_FORMAT = "dwarf-with-dsym";
				ENABLE_NS_ASSERTIONS = NO;
				ENABLE_STRICT_OBJC_MSGSEND = YES;
				GCC_C_LANGUAGE_STANDARD = gnu11;
				GCC_NO_COMMON_BLOCKS = YES;
				GCC_WARN_64_TO_32_BIT_CONVERSION = YES;
				GCC_WARN_ABOUT_RETURN_TYPE = YES_ERROR;
				GCC_WARN_UNDECLARED_SELECTOR = YES;
				GCC_WARN_UNINITIALIZED_AUTOS = YES_AGGRESSIVE;
				GCC_WARN_UNUSED_FUNCTION = YES;
				GCC_WARN_UNUSED_VARIABLE = YES;
				IPHONEOS_DEPLOYMENT_TARGET = 11.4;
				MTL_ENABLE_DEBUG_INFO = NO;
				SDKROOT = iphoneos;
				VALIDATE_PRODUCT = YES;
			};
			name = Release;
		};
		0D716C5320EDC98A004F511E /* Debug */ = {
			isa = XCBuildConfiguration;
			buildSettings = {
				ASSETCATALOG_COMPILER_APPICON_NAME = AppIcon;
				CODE_SIGN_STYLE = Automatic;
				DEVELOPMENT_TEAM = RP2P7DKTES;
				FRAMEWORK_SEARCH_PATHS = (
					"$(inherited)",
					"$(PROJECT_DIR)/FLMineSDK",
				);
				INFOPLIST_FILE = FLMineSDK/Info.plist;
				LD_RUNPATH_SEARCH_PATHS = (
					"$(inherited)",
					"@executable_path/Frameworks",
				);
				OTHER_LDFLAGS = "-all_load";
				PRODUCT_BUNDLE_IDENTIFIER = com.felink.FLMineSDK;
				PRODUCT_NAME = "$(TARGET_NAME)";
				TARGETED_DEVICE_FAMILY = "1,2";
			};
			name = Debug;
		};
		0D716C5420EDC98A004F511E /* Release */ = {
			isa = XCBuildConfiguration;
			buildSettings = {
				ASSETCATALOG_COMPILER_APPICON_NAME = AppIcon;
				CODE_SIGN_STYLE = Automatic;
				DEVELOPMENT_TEAM = RP2P7DKTES;
				FRAMEWORK_SEARCH_PATHS = (
					"$(inherited)",
					"$(PROJECT_DIR)/FLMineSDK",
				);
				INFOPLIST_FILE = FLMineSDK/Info.plist;
				LD_RUNPATH_SEARCH_PATHS = (
					"$(inherited)",
					"@executable_path/Frameworks",
				);
				OTHER_LDFLAGS = "-all_load";
				PRODUCT_BUNDLE_IDENTIFIER = com.felink.FLMineSDK;
				PRODUCT_NAME = "$(TARGET_NAME)";
				TARGETED_DEVICE_FAMILY = "1,2";
			};
			name = Release;
		};
		0D716C5620EDC98A004F511E /* Debug */ = {
			isa = XCBuildConfiguration;
			buildSettings = {
				BUNDLE_LOADER = "$(TEST_HOST)";
				CODE_SIGN_STYLE = Automatic;
				DEVELOPMENT_TEAM = RP2P7DKTES;
				INFOPLIST_FILE = FLMineSDKTests/Info.plist;
				LD_RUNPATH_SEARCH_PATHS = (
					"$(inherited)",
					"@executable_path/Frameworks",
					"@loader_path/Frameworks",
				);
				PRODUCT_BUNDLE_IDENTIFIER = com.felink.FLMineSDKTests;
				PRODUCT_NAME = "$(TARGET_NAME)";
				TARGETED_DEVICE_FAMILY = "1,2";
				TEST_HOST = "$(BUILT_PRODUCTS_DIR)/FLMineSDK.app/FLMineSDK";
			};
			name = Debug;
		};
		0D716C5720EDC98A004F511E /* Release */ = {
			isa = XCBuildConfiguration;
			buildSettings = {
				BUNDLE_LOADER = "$(TEST_HOST)";
				CODE_SIGN_STYLE = Automatic;
				DEVELOPMENT_TEAM = RP2P7DKTES;
				INFOPLIST_FILE = FLMineSDKTests/Info.plist;
				LD_RUNPATH_SEARCH_PATHS = (
					"$(inherited)",
					"@executable_path/Frameworks",
					"@loader_path/Frameworks",
				);
				PRODUCT_BUNDLE_IDENTIFIER = com.felink.FLMineSDKTests;
				PRODUCT_NAME = "$(TARGET_NAME)";
				TARGETED_DEVICE_FAMILY = "1,2";
				TEST_HOST = "$(BUILT_PRODUCTS_DIR)/FLMineSDK.app/FLMineSDK";
			};
			name = Release;
		};
		0D716C5920EDC98A004F511E /* Debug */ = {
			isa = XCBuildConfiguration;
			buildSettings = {
				CODE_SIGN_STYLE = Automatic;
				DEVELOPMENT_TEAM = RP2P7DKTES;
				INFOPLIST_FILE = FLMineSDKUITests/Info.plist;
				LD_RUNPATH_SEARCH_PATHS = (
					"$(inherited)",
					"@executable_path/Frameworks",
					"@loader_path/Frameworks",
				);
				PRODUCT_BUNDLE_IDENTIFIER = com.felink.FLMineSDKUITests;
				PRODUCT_NAME = "$(TARGET_NAME)";
				TARGETED_DEVICE_FAMILY = "1,2";
				TEST_TARGET_NAME = FLMineSDK;
			};
			name = Debug;
		};
		0D716C5A20EDC98A004F511E /* Release */ = {
			isa = XCBuildConfiguration;
			buildSettings = {
				CODE_SIGN_STYLE = Automatic;
				DEVELOPMENT_TEAM = RP2P7DKTES;
				INFOPLIST_FILE = FLMineSDKUITests/Info.plist;
				LD_RUNPATH_SEARCH_PATHS = (
					"$(inherited)",
					"@executable_path/Frameworks",
					"@loader_path/Frameworks",
				);
				PRODUCT_BUNDLE_IDENTIFIER = com.felink.FLMineSDKUITests;
				PRODUCT_NAME = "$(TARGET_NAME)";
				TARGETED_DEVICE_FAMILY = "1,2";
				TEST_TARGET_NAME = FLMineSDK;
			};
			name = Release;
		};
/* End XCBuildConfiguration section */

/* Begin XCConfigurationList section */
		0D716C2120EDC989004F511E /* Build configuration list for PBXProject "FLMineSDK" */ = {
			isa = XCConfigurationList;
			buildConfigurations = (
				0D716C5020EDC98A004F511E /* Debug */,
				0D716C5120EDC98A004F511E /* Release */,
			);
			defaultConfigurationIsVisible = 0;
			defaultConfigurationName = Release;
		};
		0D716C5220EDC98A004F511E /* Build configuration list for PBXNativeTarget "FLMineSDK" */ = {
			isa = XCConfigurationList;
			buildConfigurations = (
				0D716C5320EDC98A004F511E /* Debug */,
				0D716C5420EDC98A004F511E /* Release */,
			);
			defaultConfigurationIsVisible = 0;
			defaultConfigurationName = Release;
		};
		0D716C5520EDC98A004F511E /* Build configuration list for PBXNativeTarget "FLMineSDKTests" */ = {
			isa = XCConfigurationList;
			buildConfigurations = (
				0D716C5620EDC98A004F511E /* Debug */,
				0D716C5720EDC98A004F511E /* Release */,
			);
			defaultConfigurationIsVisible = 0;
			defaultConfigurationName = Release;
		};
		0D716C5820EDC98A004F511E /* Build configuration list for PBXNativeTarget "FLMineSDKUITests" */ = {
			isa = XCConfigurationList;
			buildConfigurations = (
				0D716C5920EDC98A004F511E /* Debug */,
				0D716C5A20EDC98A004F511E /* Release */,
			);
			defaultConfigurationIsVisible = 0;
			defaultConfigurationName = Release;
		};
/* End XCConfigurationList section */
	};
	rootObject = 0D716C1E20EDC989004F511E /* Project object */;
}
